
Microsoft Visual Studio Solution File, Format Version 12.00
Project("{FAE04EC0-301F-11D3-BF4B-00C04F79EFBC}") = "WebAPI", "WebAPI\WebAPI.csproj", "{7EA4CA1F-9ECE-4F55-9A20-AB6372EF3480}"
EndProject
Project("{2150E333-8FDC-42A3-9474-1A3956D46DE8}") = "Solution Items", "Solution Items", "{890ACB72-8F9C-46CF-9A3F-01C002E607E5}"
	ProjectSection(SolutionItems) = preProject
		docker-compose.yml = docker-compose.yml
	EndProjectSection
EndProject
Global
	GlobalSection(SolutionConfigurationPlatforms) = preSolution
		Debug|Any CPU = Debug|Any CPU
		Release|Any CPU = Release|Any CPU
	EndGlobalSection
	GlobalSection(ProjectConfigurationPlatforms) = postSolution
		{7EA4CA1F-9ECE-4F55-9A20-AB6372EF3480}.Debug|Any CPU.ActiveCfg = Debug|Any CPU
		{7EA4CA1F-9ECE-4F55-9A20-AB6372EF3480}.Debug|Any CPU.Build.0 = Debug|Any CPU
		{7EA4CA1F-9ECE-4F55-9A20-AB6372EF3480}.Release|Any CPU.ActiveCfg = Release|Any CPU
		{7EA4CA1F-9ECE-4F55-9A20-AB6372EF3480}.Release|Any CPU.Build.0 = Release|Any CPU
	EndGlobalSection
EndGlobal
